<?xml version="1.0" encoding="utf-8"?>
<Project ToolsVersion="4.0" xmlns="http://schemas.microsoft.com/developer/msbuild/2003">
  <ItemGroup>
    <Filter Include="Source Files">
      <UniqueIdentifier>{4FC737F1-C7A5-4376-A066-2A32D752A2FF}</UniqueIdentifier>
      <Extensions>cpp;c;cc;cxx;def;odl;idl;hpj;bat;asm;asmx</Extensions>
    </Filter>
    <Filter Include="Header Files">
      <UniqueIdentifier>{93995380-89BD-4b04-88EB-625FBE52EBFB}</UniqueIdentifier>
      <Extensions>h;hh;hpp;hxx;hm;inl;inc;xsd</Extensions>
    </Filter>
    <Filter Include="Resource Files">
      <UniqueIdentifier>{67DA6AB6-F800-4c08-8B7A-83BB121AAD01}</UniqueIdentifier>
      <Extensions>rc;ico;cur;bmp;dlg;rc2;rct;bin;rgs;gif;jpg;jpeg;jpe;resx;tiff;tif;png;wav;mfcribbon-ms</Extensions>
    </Filter>
    <Filter Include="Source Files\Components">
      <UniqueIdentifier>{9035d0d8-a58a-440b-b84b-068d77bafc94}</UniqueIdentifier>
    </Filter>
    <Filter Include="Source Files\Helpers">
      <UniqueIdentifier>{ad50fd69-c90f-4f60-b402-e3b0ec0e0b22}</UniqueIdentifier>
    </Filter>
    <Filter Include="Source Files\Managers">
      <UniqueIdentifier>{1a14100f-1407-4720-a12d-695b0f3c678f}</UniqueIdentifier>
    </Filter>
    <Filter Include="Source Files\Objects">
      <UniqueIdentifier>{7d97bff6-5fb7-4130-9d77-45c24bd9690e}</UniqueIdentifier>
    </Filter>
    <Filter Include="Source Files\Components\Colliders">
      <UniqueIdentifier>{86cc0096-e871-4b46-b225-dfb106aa8611}</UniqueIdentifier>
    </Filter>
    <Filter Include="Source Files\Imgui">
      <UniqueIdentifier>{d7b73a82-eccd-487f-945d-5810a89abe88}</UniqueIdentifier>
    </Filter>
    <Filter Include="Source Files\Helpers\FSM">
      <UniqueIdentifier>{782d8a1b-c34a-4cce-a6a2-f16863b6cc0d}</UniqueIdentifier>
    </Filter>
    <Filter Include="Source Files\Helpers\Materials">
      <UniqueIdentifier>{c6495293-0025-4254-89a8-5eddcec89ed6}</UniqueIdentifier>
    </Filter>
    <Filter Include="Source Files\Helpers\Observer">
      <UniqueIdentifier>{82e37147-7820-40d2-8816-1998228a4bd2}</UniqueIdentifier>
    </Filter>
  </ItemGroup>
  <ItemGroup>
    <ClInclude Include="BaseComponent.h">
      <Filter>Source Files\Components</Filter>
    </ClInclude>
    <ClInclude Include="FPSComponent.h">
      <Filter>Source Files\Components</Filter>
    </ClInclude>
    <ClInclude Include="Transform.h">
      <Filter>Source Files\Components</Filter>
    </ClInclude>
    <ClInclude Include="Extra.h">
      <Filter>Source Files\Helpers</Filter>
    </ClInclude>
    <ClInclude Include="InputManager.h">
      <Filter>Source Files\Managers</Filter>
    </ClInclude>
    <ClInclude Include="GameObject.h">
      <Filter>Source Files\Objects</Filter>
    </ClInclude>
    <ClInclude Include="Minigin.h">
      <Filter>Source Files\Managers</Filter>
    </ClInclude>
    <ClInclude Include="MiniginPCH.h">
      <Filter>Source Files\Managers</Filter>
    </ClInclude>
    <ClInclude Include="Renderer.h">
      <Filter>Source Files\Managers</Filter>
    </ClInclude>
    <ClInclude Include="ResourceManager.h">
      <Filter>Source Files\Managers</Filter>
    </ClInclude>
    <ClInclude Include="Scene.h">
      <Filter>Source Files\Helpers</Filter>
    </ClInclude>
    <ClInclude Include="SceneManager.h">
      <Filter>Source Files\Managers</Filter>
    </ClInclude>
    <ClInclude Include="Singleton.h">
      <Filter>Source Files\Helpers</Filter>
    </ClInclude>
    <ClInclude Include="Texture2D.h">
      <Filter>Source Files\Helpers</Filter>
    </ClInclude>
    <ClInclude Include="Time.h">
      <Filter>Source Files\Helpers</Filter>
    </ClInclude>
    <ClInclude Include="Audio.h">
      <Filter>Source Files\Helpers</Filter>
    </ClInclude>
    <ClInclude Include="ExtraMathFiles.h">
      <Filter>Source Files\Helpers</Filter>
    </ClInclude>
    <ClInclude Include="BoxCollider2D.h">
      <Filter>Source Files\Components\Colliders</Filter>
    </ClInclude>
    <ClInclude Include="CircleCollider2D.h">
      <Filter>Source Files\Components\Colliders</Filter>
    </ClInclude>
    <ClInclude Include="Collider.h">
      <Filter>Source Files\Components\Colliders</Filter>
    </ClInclude>
    <ClInclude Include="BoxCollider3D.h">
      <Filter>Source Files\Components\Colliders</Filter>
    </ClInclude>
    <ClInclude Include="CircleCollider3D.h">
      <Filter>Source Files\Components\Colliders</Filter>
    </ClInclude>
    <ClInclude Include="stb_image.h">
      <Filter>Header Files</Filter>
    </ClInclude>
    <ClInclude Include="SpriteSheetComponent.h">
      <Filter>Source Files\Components</Filter>
    </ClInclude>
    <ClInclude Include="RigidBodyComponent.h">
      <Filter>Source Files\Components</Filter>
    </ClInclude>
    <ClInclude Include="imconfig.h">
      <Filter>Source Files\Imgui</Filter>
    </ClInclude>
    <ClInclude Include="imgui.h">
      <Filter>Source Files\Imgui</Filter>
    </ClInclude>
    <ClInclude Include="imgui_impl_glfw.h">
      <Filter>Source Files\Imgui</Filter>
    </ClInclude>
    <ClInclude Include="imgui_impl_opengl3.h">
      <Filter>Source Files\Imgui</Filter>
    </ClInclude>
    <ClInclude Include="imgui_internal.h">
      <Filter>Source Files\Imgui</Filter>
    </ClInclude>
    <ClInclude Include="BinaryReaderAndWriter.h">
      <Filter>Header Files</Filter>
    </ClInclude>
    <ClInclude Include="ReaderWriter.h">
      <Filter>Source Files\Managers</Filter>
    </ClInclude>
    <ClInclude Include="Logger.h">
      <Filter>Source Files\Helpers</Filter>
    </ClInclude>
    <ClInclude Include="UndoSystem.h">
      <Filter>Source Files\Helpers</Filter>
    </ClInclude>
    <ClInclude Include="LevelReader.h">
      <Filter>Source Files\Helpers</Filter>
    </ClInclude>
    <ClInclude Include="PlayerComponent.h">
      <Filter>Source Files\Components</Filter>
    </ClInclude>
    <ClInclude Include="FiniteStateMachine.h">
      <Filter>Source Files\Helpers\FSM</Filter>
    </ClInclude>
    <ClInclude Include="State.h">
      <Filter>Source Files\Helpers\FSM</Filter>
    </ClInclude>
    <ClInclude Include="TextureMaterial.h">
      <Filter>Source Files\Helpers\Materials</Filter>
    </ClInclude>
    <ClInclude Include="Material.h">
      <Filter>Source Files\Helpers\Materials</Filter>
    </ClInclude>
    <ClInclude Include="Shader.h">
      <Filter>Source Files\Helpers\Materials</Filter>
    </ClInclude>
    <ClInclude Include="AI.h">
      <Filter>Source Files\Components</Filter>
    </ClInclude>
    <ClInclude Include="MaterialManager.h">
      <Filter>Source Files\Managers</Filter>
    </ClInclude>
    <ClInclude Include="TextMaterial.h">
      <Filter>Source Files\Helpers\Materials</Filter>
    </ClInclude>
    <ClInclude Include="Command.h">
      <Filter>Source Files\Helpers</Filter>
    </ClInclude>
    <ClInclude Include="Observer.h">
      <Filter>Source Files\Helpers\Observer</Filter>
    </ClInclude>
    <ClInclude Include="Subject.h">
      <Filter>Source Files\Helpers\Observer</Filter>
    </ClInclude>
    <ClInclude Include="UI.h">
      <Filter>Source Files\Managers</Filter>
    </ClInclude>
    <ClInclude Include="SpriteRenderer.h">
      <Filter>Source Files\Components</Filter>
    </ClInclude>
    <ClInclude Include="HealthComponent.h">
      <Filter>Source Files\Components</Filter>
    </ClInclude>
    <ClInclude Include="WallComponent.h">
      <Filter>Source Files\Components</Filter>
    </ClInclude>
    <ClInclude Include="ThreadPool.h">
      <Filter>Header Files</Filter>
    </ClInclude>
    <ClInclude Include="TextRenderer.h">
      <Filter>Source Files\Helpers</Filter>
    </ClInclude>
    <ClInclude Include="TextComponent.h">
      <Filter>Source Files\Components</Filter>
    </ClInclude>
    <ClInclude Include="LevelManager.h">
      <Filter>Source Files\Helpers</Filter>
    </ClInclude>
    <ClInclude Include="SpriteComponent.h">
      <Filter>Header Files</Filter>
    </ClInclude>
    <ClInclude Include="Bullet.h">
      <Filter>Header Files</Filter>
    </ClInclude>
  </ItemGroup>
  <ItemGroup>
    <ClCompile Include="BaseComponent.cpp">
      <Filter>Source Files\Components</Filter>
    </ClCompile>
    <ClCompile Include="FPSComponent.cpp">
      <Filter>Source Files\Components</Filter>
    </ClCompile>
    <ClCompile Include="Transform.cpp">
      <Filter>Source Files\Components</Filter>
    </ClCompile>
    <ClCompile Include="InputManager.cpp">
      <Filter>Source Files\Managers</Filter>
    </ClCompile>
    <ClCompile Include="SceneManager.cpp">
      <Filter>Source Files\Managers</Filter>
    </ClCompile>
    <ClCompile Include="ResourceManager.cpp">
      <Filter>Source Files\Managers</Filter>
    </ClCompile>
    <ClCompile Include="Scene.cpp">
      <Filter>Source Files\Helpers</Filter>
    </ClCompile>
    <ClCompile Include="Texture2D.cpp">
      <Filter>Source Files\Helpers</Filter>
    </ClCompile>
    <ClCompile Include="Time.cpp">
      <Filter>Source Files\Helpers</Filter>
    </ClCompile>
    <ClCompile Include="GameObject.cpp">
      <Filter>Source Files\Objects</Filter>
    </ClCompile>
    <ClCompile Include="Minigin.cpp">
      <Filter>Source Files\Managers</Filter>
    </ClCompile>
    <ClCompile Include="MiniginPCH.cpp">
      <Filter>Source Files\Managers</Filter>
    </ClCompile>
    <ClCompile Include="Audio.cpp">
      <Filter>Source Files\Helpers</Filter>
    </ClCompile>
    <ClCompile Include="BoxCollider2D.cpp">
      <Filter>Source Files\Components\Colliders</Filter>
    </ClCompile>
    <ClCompile Include="Collider.cpp">
      <Filter>Source Files\Components\Colliders</Filter>
    </ClCompile>
    <ClCompile Include="CircleCollider2D.cpp">
      <Filter>Source Files\Components\Colliders</Filter>
    </ClCompile>
    <ClCompile Include="CircleCollider3D.cpp">
      <Filter>Source Files\Components\Colliders</Filter>
    </ClCompile>
    <ClCompile Include="BoxCollider3D.cpp">
      <Filter>Source Files\Components\Colliders</Filter>
    </ClCompile>
    <ClCompile Include="stb_image.cpp">
      <Filter>Header Files</Filter>
    </ClCompile>
    <ClCompile Include="SpriteSheetComponent.cpp">
      <Filter>Source Files\Components</Filter>
    </ClCompile>
    <ClCompile Include="RigidBodyComponent.cpp">
      <Filter>Source Files\Components</Filter>
    </ClCompile>
    <ClCompile Include="glad.cpp">
      <Filter>Header Files</Filter>
    </ClCompile>
    <ClCompile Include="imgui.cpp">
      <Filter>Source Files\Imgui</Filter>
    </ClCompile>
    <ClCompile Include="imgui_demo.cpp">
      <Filter>Source Files\Imgui</Filter>
    </ClCompile>
    <ClCompile Include="imgui_draw.cpp">
      <Filter>Source Files\Imgui</Filter>
    </ClCompile>
    <ClCompile Include="imgui_impl_glfw.cpp">
      <Filter>Source Files\Imgui</Filter>
    </ClCompile>
    <ClCompile Include="imgui_impl_opengl3.cpp">
      <Filter>Source Files\Imgui</Filter>
    </ClCompile>
    <ClCompile Include="imgui_widgets.cpp">
      <Filter>Source Files\Imgui</Filter>
    </ClCompile>
    <ClCompile Include="ReaderWriter.cpp">
      <Filter>Source Files\Managers</Filter>
    </ClCompile>
    <ClCompile Include="Logger.cpp">
      <Filter>Source Files\Helpers</Filter>
    </ClCompile>
    <ClCompile Include="UndoSystem.cpp">
      <Filter>Source Files\Helpers</Filter>
    </ClCompile>
    <ClCompile Include="LevelReader.cpp">
      <Filter>Source Files\Helpers</Filter>
    </ClCompile>
    <ClCompile Include="PlayerComponent.cpp">
      <Filter>Source Files\Components</Filter>
    </ClCompile>
    <ClCompile Include="FiniteStateMachine.cpp">
      <Filter>Source Files\Helpers\FSM</Filter>
    </ClCompile>
    <ClCompile Include="State.cpp">
      <Filter>Source Files\Helpers\FSM</Filter>
    </ClCompile>
    <ClCompile Include="TextureMaterial.cpp">
      <Filter>Source Files\Helpers\Materials</Filter>
    </ClCompile>
    <ClCompile Include="Material.cpp">
      <Filter>Source Files\Helpers\Materials</Filter>
    </ClCompile>
    <ClCompile Include="Shader.cpp">
      <Filter>Source Files\Helpers\Materials</Filter>
    </ClCompile>
    <ClCompile Include="AI.cpp">
      <Filter>Source Files\Components</Filter>
    </ClCompile>
    <ClCompile Include="Renderer.cpp">
      <Filter>Source Files\Managers</Filter>
    </ClCompile>
    <ClCompile Include="TextMaterial.cpp">
      <Filter>Source Files\Helpers\Materials</Filter>
    </ClCompile>
    <ClCompile Include="MaterialManager.cpp">
      <Filter>Source Files\Managers</Filter>
    </ClCompile>
    <ClCompile Include="Subject.cpp">
      <Filter>Source Files\Helpers\Observer</Filter>
    </ClCompile>
    <ClCompile Include="Observer.cpp">
      <Filter>Source Files\Helpers\Observer</Filter>
    </ClCompile>
    <ClCompile Include="Command.cpp">
      <Filter>Source Files\Helpers</Filter>
    </ClCompile>
    <ClCompile Include="UI.cpp">
      <Filter>Source Files\Managers</Filter>
    </ClCompile>
    <ClCompile Include="SpriteRenderer.cpp">
      <Filter>Source Files\Components</Filter>
    </ClCompile>
    <ClCompile Include="HealthComponent.cpp">
      <Filter>Source Files\Components</Filter>
    </ClCompile>
    <ClCompile Include="WallComponent.cpp">
      <Filter>Source Files\Components</Filter>
    </ClCompile>
    <ClCompile Include="TextRenderer.cpp">
      <Filter>Source Files\Helpers</Filter>
    </ClCompile>
    <ClCompile Include="LevelManager.cpp">
      <Filter>Source Files\Helpers</Filter>
    </ClCompile>
    <ClCompile Include="TextComponent.cpp">
      <Filter>Source Files\Components</Filter>
    </ClCompile>
    <ClCompile Include="SpriteComponent.cpp">
      <Filter>Source Files</Filter>
    </ClCompile>
    <ClCompile Include="Bullet.cpp">
      <Filter>Source Files</Filter>
    </ClCompile>
  </ItemGroup>
</Project>